
Microsoft Visual Studio Solution File, Format Version 12.00
# Visual Studio Version 17
VisualStudioVersion = 17.2.32630.192
MinimumVisualStudioVersion = 10.0.40219.1
Project("{FAE04EC0-301F-11D3-BF4B-00C04F79EFBC}") = "Demoproject", "Demoproject\Demoproject.csproj", "{49EFA420-0311-4755-B30C-B13F96523F7B}"
EndProject
Project("{FAE04EC0-301F-11D3-BF4B-00C04F79EFBC}") = "TestProject1", "TestProject1\TestProject1.csproj", "{E8CAA956-8890-4BCF-8608-A1ADAD6B6477}"
EndProject
Global
	GlobalSection(SolutionConfigurationPlatforms) = preSolution
		Debug|Any CPU = Debug|Any CPU
		Release|Any CPU = Release|Any CPU
	EndGlobalSection
	GlobalSection(ProjectConfigurationPlatforms) = postSolution
		{49EFA420-0311-4755-B30C-B13F96523F7B}.Debug|Any CPU.ActiveCfg = Debug|Any CPU
		{49EFA420-0311-4755-B30C-B13F96523F7B}.Debug|Any CPU.Build.0 = Debug|Any CPU
		{49EFA420-0311-4755-B30C-B13F96523F7B}.Release|Any CPU.ActiveCfg = Release|Any CPU
		{49EFA420-0311-4755-B30C-B13F96523F7B}.Release|Any CPU.Build.0 = Release|Any CPU
		{E8CAA956-8890-4BCF-8608-A1ADAD6B6477}.Debug|Any CPU.ActiveCfg = Debug|Any CPU
		{E8CAA956-8890-4BCF-8608-A1ADAD6B6477}.Debug|Any CPU.Build.0 = Debug|Any CPU
		{E8CAA956-8890-4BCF-8608-A1ADAD6B6477}.Release|Any CPU.ActiveCfg = Release|Any CPU
		{E8CAA956-8890-4BCF-8608-A1ADAD6B6477}.Release|Any CPU.Build.0 = Release|Any CPU
	EndGlobalSection
	GlobalSection(SolutionProperties) = preSolution
		HideSolutionNode = FALSE
	EndGlobalSection
	GlobalSection(ExtensibilityGlobals) = postSolution
		SolutionGuid = {FBB635B5-4754-44C7-8B1D-89011EE4864D}
	EndGlobalSection
EndGlobal
